
Microsoft Visual Studio Solution File, Format Version 12.00
# Visual Studio Version 16
VisualStudioVersion = 16.0.31321.278
MinimumVisualStudioVersion = 10.0.40219.1
Project("{FAE04EC0-301F-11D3-BF4B-00C04F79EFBC}") = "FFmpegWpfSample", "FFmpegWpfSample\FFmpegWpfSample.csproj", "{4C1398DA-86E6-4946-9161-55DD44527088}"
EndProject
Global
	GlobalSection(SolutionConfigurationPlatforms) = preSolution
		Debug|Any CPU = Debug|Any CPU
		Release|Any CPU = Release|Any CPU
	EndGlobalSection
	GlobalSection(ProjectConfigurationPlatforms) = postSolution
		{4C1398DA-86E6-4946-9161-55DD44527088}.Debug|Any CPU.ActiveCfg = Debug|Any CPU
		{4C1398DA-86E6-4946-9161-55DD44527088}.Debug|Any CPU.Build.0 = Debug|Any CPU
		{4C1398DA-86E6-4946-9161-55DD44527088}.Release|Any CPU.ActiveCfg = Release|Any CPU
		{4C1398DA-86E6-4946-9161-55DD44527088}.Release|Any CPU.Build.0 = Release|Any CPU
	EndGlobalSection
	GlobalSection(SolutionProperties) = preSolution
		HideSolutionNode = FALSE
	EndGlobalSection
	GlobalSection(ExtensibilityGlobals) = postSolution
		SolutionGuid = {62922AE2-BA8D-4FD9-B207-E0CA7F2FE530}
	EndGlobalSection
EndGlobal
